
Microsoft Visual Studio Solution File, Format Version 12.00
# Visual Studio 14
VisualStudioVersion = 14.0.23107.0
MinimumVisualStudioVersion = 10.0.40219.1
Project("{FAE04EC0-301F-11D3-BF4B-00C04F79EFBC}") = "SolrMonitorModels", "SolrMonitorModels\SolrMonitorModels.csproj", "{B2F9AA0D-BDF9-42BB-B25B-A0AC94315CE5}"
EndProject
Project("{FAE04EC0-301F-11D3-BF4B-00C04F79EFBC}") = "SolrServiceConsoleTest", "SolrServiceConsoleTest\SolrServiceConsoleTest.csproj", "{D5C4FB07-4B90-477D-991E-606BBAAD031F}"
EndProject
Project("{FAE04EC0-301F-11D3-BF4B-00C04F79EFBC}") = "SolrService", "SolrService\SolrService.csproj", "{8827E54C-0234-4489-85A9-43629BD3F530}"
EndProject
Global
	GlobalSection(SolutionConfigurationPlatforms) = preSolution
		Debug|Any CPU = Debug|Any CPU
		Release|Any CPU = Release|Any CPU
	EndGlobalSection
	GlobalSection(ProjectConfigurationPlatforms) = postSolution
		{B2F9AA0D-BDF9-42BB-B25B-A0AC94315CE5}.Debug|Any CPU.ActiveCfg = Debug|Any CPU
		{B2F9AA0D-BDF9-42BB-B25B-A0AC94315CE5}.Debug|Any CPU.Build.0 = Debug|Any CPU
		{B2F9AA0D-BDF9-42BB-B25B-A0AC94315CE5}.Release|Any CPU.ActiveCfg = Release|Any CPU
		{B2F9AA0D-BDF9-42BB-B25B-A0AC94315CE5}.Release|Any CPU.Build.0 = Release|Any CPU
		{D5C4FB07-4B90-477D-991E-606BBAAD031F}.Debug|Any CPU.ActiveCfg = Debug|Any CPU
		{D5C4FB07-4B90-477D-991E-606BBAAD031F}.Debug|Any CPU.Build.0 = Debug|Any CPU
		{D5C4FB07-4B90-477D-991E-606BBAAD031F}.Release|Any CPU.ActiveCfg = Release|Any CPU
		{D5C4FB07-4B90-477D-991E-606BBAAD031F}.Release|Any CPU.Build.0 = Release|Any CPU
		{8827E54C-0234-4489-85A9-43629BD3F530}.Debug|Any CPU.ActiveCfg = Debug|Any CPU
		{8827E54C-0234-4489-85A9-43629BD3F530}.Debug|Any CPU.Build.0 = Debug|Any CPU
		{8827E54C-0234-4489-85A9-43629BD3F530}.Release|Any CPU.ActiveCfg = Release|Any CPU
		{8827E54C-0234-4489-85A9-43629BD3F530}.Release|Any CPU.Build.0 = Release|Any CPU
	EndGlobalSection
	GlobalSection(SolutionProperties) = preSolution
		HideSolutionNode = FALSE
	EndGlobalSection
EndGlobal
